Microsoft Visual Studio Solution File, Format Version 12.00
# Visual Studio 2012

#//#if (CreateSharedProject)
Project("{D954291E-2A0B-460D-934E-DC6B0785DB48}") = "BlankApp", "BlankApp\BlankApp\BlankApp.shproj", "{C7B4DAAA-FAB0-4526-A544-2CB0A84645B0}"
EndProject
#//#endif

#//#if (!CreateSharedProject)
Project("{9A19103F-16F7-4668-BE54-9A1E7A4F7556}") = "BlankApp", "BlankApp\BlankApp\BlankApp.csproj", "{99E19497-29A6-4B77-B773-BEC55F9B55DC}"
EndProject
#//#endif

#//#if (CreateiOSProject)
Project("{FAE04EC0-301F-11D3-BF4B-00C04F79EFBC}") = "BlankApp.iOS", "BlankApp\BlankApp.iOS\BlankApp.iOS.csproj", "{DE3BCAE4-7EAD-4015-AD18-5D1ADE379906}"
EndProject
#//#endif

#//#if (CreateAndroidProject)
Project("{FAE04EC0-301F-11D3-BF4B-00C04F79EFBC}") = "BlankApp.Droid", "BlankApp\BlankApp.Android\BlankApp.Android.csproj", "{8D9F8CF0-E178-402D-8D40-A88B7B5F3D42}"
EndProject
#//#endif

#//#if (CreateUWPProject)
Project("{FAE04EC0-301F-11D3-BF4B-00C04F79EFBC}") = "BlankApp.UWP", "BlankApp\BlankApp.UWP\BlankApp.UWP.csproj", "{0991AD91-851A-4C1B-9401-8573FF8D5FF7}"
EndProject
#//#endif

Global
	GlobalSection(SolutionConfigurationPlatforms) = preSolution
		Debug|Any CPU = Debug|Any CPU
		Release|Any CPU = Release|Any CPU
		Debug|iPhoneSimulator = Debug|iPhoneSimulator
		Release|iPhone = Release|iPhone
		Release|iPhoneSimulator = Release|iPhoneSimulator
		Debug|iPhone = Debug|iPhone
	EndGlobalSection
	GlobalSection(ProjectConfigurationPlatforms) = postSolution
		{8D9F8CF0-E178-402D-8D40-A88B7B5F3D42}.Debug|Any CPU.ActiveCfg = Debug|Any CPU
		{8D9F8CF0-E178-402D-8D40-A88B7B5F3D42}.Debug|Any CPU.Build.0 = Debug|Any CPU
		{8D9F8CF0-E178-402D-8D40-A88B7B5F3D42}.Release|Any CPU.ActiveCfg = Release|Any CPU
		{8D9F8CF0-E178-402D-8D40-A88B7B5F3D42}.Release|Any CPU.Build.0 = Release|Any CPU
		{8D9F8CF0-E178-402D-8D40-A88B7B5F3D42}.Debug|iPhoneSimulator.ActiveCfg = Debug|Any CPU
		{8D9F8CF0-E178-402D-8D40-A88B7B5F3D42}.Debug|iPhoneSimulator.Build.0 = Debug|Any CPU
		{8D9F8CF0-E178-402D-8D40-A88B7B5F3D42}.Release|iPhone.ActiveCfg = Release|Any CPU
		{8D9F8CF0-E178-402D-8D40-A88B7B5F3D42}.Release|iPhone.Build.0 = Release|Any CPU
		{8D9F8CF0-E178-402D-8D40-A88B7B5F3D42}.Release|iPhoneSimulator.ActiveCfg = Release|Any CPU
		{8D9F8CF0-E178-402D-8D40-A88B7B5F3D42}.Release|iPhoneSimulator.Build.0 = Release|Any CPU
		{8D9F8CF0-E178-402D-8D40-A88B7B5F3D42}.Debug|iPhone.ActiveCfg = Debug|Any CPU
		{8D9F8CF0-E178-402D-8D40-A88B7B5F3D42}.Debug|iPhone.Build.0 = Debug|Any CPU
		{DE3BCAE4-7EAD-4015-AD18-5D1ADE379906}.Debug|Any CPU.ActiveCfg = Debug|iPhoneSimulator
		{DE3BCAE4-7EAD-4015-AD18-5D1ADE379906}.Debug|Any CPU.Build.0 = Debug|iPhoneSimulator
		{DE3BCAE4-7EAD-4015-AD18-5D1ADE379906}.Release|Any CPU.ActiveCfg = Release|iPhone
		{DE3BCAE4-7EAD-4015-AD18-5D1ADE379906}.Release|Any CPU.Build.0 = Release|iPhone
		{DE3BCAE4-7EAD-4015-AD18-5D1ADE379906}.Debug|iPhoneSimulator.ActiveCfg = Debug|iPhoneSimulator
		{DE3BCAE4-7EAD-4015-AD18-5D1ADE379906}.Debug|iPhoneSimulator.Build.0 = Debug|iPhoneSimulator
		{DE3BCAE4-7EAD-4015-AD18-5D1ADE379906}.Release|iPhone.ActiveCfg = Release|iPhone
		{DE3BCAE4-7EAD-4015-AD18-5D1ADE379906}.Release|iPhone.Build.0 = Release|iPhone
		{DE3BCAE4-7EAD-4015-AD18-5D1ADE379906}.Release|iPhoneSimulator.ActiveCfg = Release|iPhoneSimulator
		{DE3BCAE4-7EAD-4015-AD18-5D1ADE379906}.Release|iPhoneSimulator.Build.0 = Release|iPhoneSimulator
		{DE3BCAE4-7EAD-4015-AD18-5D1ADE379906}.Debug|iPhone.ActiveCfg = Debug|iPhone
		{DE3BCAE4-7EAD-4015-AD18-5D1ADE379906}.Debug|iPhone.Build.0 = Debug|iPhone
	EndGlobalSection
EndGlobal
