
Microsoft Visual Studio Solution File, Format Version 12.00
# Visual Studio 15
VisualStudioVersion = 15.0.26919.1
MinimumVisualStudioVersion = 10.0.40219.1
Project("{FAE04EC0-301F-11D3-BF4B-00C04F79EFBC}") = "Xamarin.Templates", "Xamarin.Templates.csproj", "{5DBCE45F-FB17-4B98-8A85-37BFDFB3B0FF}"
EndProject
Project("{2150E333-8FDC-42A3-9474-1A3956D46DE8}") = "External", "External", "{38969837-9DBA-4C60-A609-95D20A5CC4D9}"
EndProject
Project("{9A19103F-16F7-4668-BE54-9A1E7A4F7556}") = "Xamarin.VisualStudio.Contracts", "..\External\XamarinVS.Contracts\src\VisualStudio.Contracts\Xamarin.VisualStudio.Contracts.csproj", "{41ECD91C-0CBB-4A75-8ACB-2732D632D7DD}"
EndProject
Global
	GlobalSection(SolutionConfigurationPlatforms) = preSolution
		Debug|Any CPU = Debug|Any CPU
		Debug|x86 = Debug|x86
		Release|Any CPU = Release|Any CPU
		Release|x86 = Release|x86
	EndGlobalSection
	GlobalSection(ProjectConfigurationPlatforms) = postSolution
		{5DBCE45F-FB17-4B98-8A85-37BFDFB3B0FF}.Debug|Any CPU.ActiveCfg = Debug|Any CPU
		{5DBCE45F-FB17-4B98-8A85-37BFDFB3B0FF}.Debug|Any CPU.Build.0 = Debug|Any CPU
		{5DBCE45F-FB17-4B98-8A85-37BFDFB3B0FF}.Debug|x86.ActiveCfg = Debug|Any CPU
		{5DBCE45F-FB17-4B98-8A85-37BFDFB3B0FF}.Debug|x86.Build.0 = Debug|Any CPU
		{5DBCE45F-FB17-4B98-8A85-37BFDFB3B0FF}.Release|Any CPU.ActiveCfg = Release|Any CPU
		{5DBCE45F-FB17-4B98-8A85-37BFDFB3B0FF}.Release|Any CPU.Build.0 = Release|Any CPU
		{5DBCE45F-FB17-4B98-8A85-37BFDFB3B0FF}.Release|x86.ActiveCfg = Release|Any CPU
		{5DBCE45F-FB17-4B98-8A85-37BFDFB3B0FF}.Release|x86.Build.0 = Release|Any CPU
		{41ECD91C-0CBB-4A75-8ACB-2732D632D7DD}.Debug|Any CPU.ActiveCfg = Debug|Any CPU
		{41ECD91C-0CBB-4A75-8ACB-2732D632D7DD}.Debug|Any CPU.Build.0 = Debug|Any CPU
		{41ECD91C-0CBB-4A75-8ACB-2732D632D7DD}.Debug|x86.ActiveCfg = Debug|x86
		{41ECD91C-0CBB-4A75-8ACB-2732D632D7DD}.Debug|x86.Build.0 = Debug|x86
		{41ECD91C-0CBB-4A75-8ACB-2732D632D7DD}.Release|Any CPU.ActiveCfg = Release|Any CPU
		{41ECD91C-0CBB-4A75-8ACB-2732D632D7DD}.Release|Any CPU.Build.0 = Release|Any CPU
		{41ECD91C-0CBB-4A75-8ACB-2732D632D7DD}.Release|x86.ActiveCfg = Release|x86
		{41ECD91C-0CBB-4A75-8ACB-2732D632D7DD}.Release|x86.Build.0 = Release|x86
	EndGlobalSection
	GlobalSection(SolutionProperties) = preSolution
		HideSolutionNode = FALSE
	EndGlobalSection
	GlobalSection(NestedProjects) = preSolution
		{41ECD91C-0CBB-4A75-8ACB-2732D632D7DD} = {38969837-9DBA-4C60-A609-95D20A5CC4D9}
	EndGlobalSection
	GlobalSection(ExtensibilityGlobals) = postSolution
		SolutionGuid = {3F1598C4-BB1E-418D-81F1-EA7DE3C70DA2}
	EndGlobalSection
EndGlobal
