Microsoft Visual Studio Solution File, Format Version 12.00
# Visual Studio 15
VisualStudioVersion = 15.0.26730.10
MinimumVisualStudioVersion = 10.0.40219.1

#//#if (CreateSharedProject)
Project("{D954291E-2A0B-460D-934E-DC6B0785DB48}") = "BlankApp", "BlankApp\BlankApp\BlankApp.shproj", "{17013668-F025-46F7-AD60-72795F485D78}"
EndProject
#//#endif

#//#if (!CreateSharedProject)
Project("{9A19103F-16F7-4668-BE54-9A1E7A4F7556}") = "BlankApp", "BlankApp\BlankApp\BlankApp.csproj", "{99E19497-29A6-4B77-B773-BEC55F9B55DC}"
EndProject
#//#endif

#//#if (CreateiOSProject)
Project("{FAE04EC0-301F-11D3-BF4B-00C04F79EFBC}") = "BlankApp.iOS", "BlankApp\BlankApp.iOS\BlankApp.iOS.csproj", "{91D74A40-E440-42AD-B51F-C2D641C49384}"
EndProject
#//#endif

#//#if (CreateAndroidProject)
Project("{FAE04EC0-301F-11D3-BF4B-00C04F79EFBC}") = "BlankApp.Android", "BlankApp\BlankApp.Android\BlankApp.Android.csproj", "{8D9F8CF0-E178-402D-8D40-A88B7B5F3D42}"
EndProject
##endif

#//#if (CreateUWPProject)
Project("{FAE04EC0-301F-11D3-BF4B-00C04F79EFBC}") = "BlankApp.UWP", "BlankApp\BlankApp.UWP\BlankApp.UWP.csproj", "{3EA9E612-E717-4E55-9034-C415CD62AF9A}"
EndProject
#//#endif

#//#if (CreateBackendProject)
Project("{FAE04EC0-301F-11D3-BF4B-00C04F79EFBC}") = "BlankApp.MobileAppService", "BlankApp\BlankApp.MobileAppService\BlankApp.MobileAppService.csproj", "{44599257-DD12-4673-882F-15AD2611A0AA}"
EndProject
#//#endif

Global
	GlobalSection(SharedMSBuildProjectFiles) = preSolution
		BlankApp\BlankApp\BlankApp.projitems*{1e2f9841-fc77-4a82-82af-f1b2799eb718}*SharedItemsImports = 4
		BlankApp\BlankApp\BlankApp.projitems*{2825ff80-1031-41f5-8802-657a400cfdf4}*SharedItemsImports = 4
		BlankApp\BlankApp\BlankApp.projitems*{5514bd8b-53d2-4ba3-a46d-1dab3144db98}*SharedItemsImports = 4
		BlankApp\BlankApp\BlankApp.projitems*{c17c4f9b-0cf7-4ad8-a2b6-177da9bc88b3}*SharedItemsImports = 13
	EndGlobalSection
	GlobalSection(SolutionConfigurationPlatforms) = preSolution
		Ad-Hoc|Any CPU = Ad-Hoc|Any CPU
		Ad-Hoc|ARM = Ad-Hoc|ARM
		Ad-Hoc|iPhone = Ad-Hoc|iPhone
		Ad-Hoc|iPhoneSimulator = Ad-Hoc|iPhoneSimulator
		Ad-Hoc|x64 = Ad-Hoc|x64
		Ad-Hoc|x86 = Ad-Hoc|x86
		AppStore|Any CPU = AppStore|Any CPU
		AppStore|ARM = AppStore|ARM
		AppStore|iPhone = AppStore|iPhone
		AppStore|iPhoneSimulator = AppStore|iPhoneSimulator
		AppStore|x64 = AppStore|x64
		AppStore|x86 = AppStore|x86
		Debug|Any CPU = Debug|Any CPU
		Debug|ARM = Debug|ARM
		Debug|iPhone = Debug|iPhone
		Debug|iPhoneSimulator = Debug|iPhoneSimulator
		Debug|x64 = Debug|x64
		Debug|x86 = Debug|x86
		Release|Any CPU = Release|Any CPU
		Release|ARM = Release|ARM
		Release|iPhone = Release|iPhone
		Release|iPhoneSimulator = Release|iPhoneSimulator
		Release|x64 = Release|x64
		Release|x86 = Release|x86
	EndGlobalSection
	GlobalSection(ProjectConfigurationPlatforms) = postSolution
		{1E2F9841-FC77-4A82-82AF-F1B2799EB718}.Ad-Hoc|Any CPU.ActiveCfg = Release|iPhone
		{1E2F9841-FC77-4A82-82AF-F1B2799EB718}.Ad-Hoc|Any CPU.Build.0 = Release|iPhone
		{1E2F9841-FC77-4A82-82AF-F1B2799EB718}.Ad-Hoc|ARM.ActiveCfg = Release|iPhone
		{1E2F9841-FC77-4A82-82AF-F1B2799EB718}.Ad-Hoc|ARM.Build.0 = Release|iPhone
		{1E2F9841-FC77-4A82-82AF-F1B2799EB718}.Ad-Hoc|iPhone.ActiveCfg = Release|iPhone
		{1E2F9841-FC77-4A82-82AF-F1B2799EB718}.Ad-Hoc|iPhone.Build.0 = Release|iPhone
		{1E2F9841-FC77-4A82-82AF-F1B2799EB718}.Ad-Hoc|iPhoneSimulator.ActiveCfg = Release|iPhoneSimulator
		{1E2F9841-FC77-4A82-82AF-F1B2799EB718}.Ad-Hoc|iPhoneSimulator.Build.0 = Release|iPhoneSimulator
		{1E2F9841-FC77-4A82-82AF-F1B2799EB718}.Ad-Hoc|x64.ActiveCfg = Release|iPhone
		{1E2F9841-FC77-4A82-82AF-F1B2799EB718}.Ad-Hoc|x64.Build.0 = Release|iPhone
		{1E2F9841-FC77-4A82-82AF-F1B2799EB718}.Ad-Hoc|x86.ActiveCfg = Release|iPhone
		{1E2F9841-FC77-4A82-82AF-F1B2799EB718}.Ad-Hoc|x86.Build.0 = Release|iPhone
		{1E2F9841-FC77-4A82-82AF-F1B2799EB718}.AppStore|Any CPU.ActiveCfg = Release|iPhone
		{1E2F9841-FC77-4A82-82AF-F1B2799EB718}.AppStore|Any CPU.Build.0 = Release|iPhone
		{1E2F9841-FC77-4A82-82AF-F1B2799EB718}.AppStore|ARM.ActiveCfg = Release|iPhone
		{1E2F9841-FC77-4A82-82AF-F1B2799EB718}.AppStore|ARM.Build.0 = Release|iPhone
		{1E2F9841-FC77-4A82-82AF-F1B2799EB718}.AppStore|iPhone.ActiveCfg = Release|iPhone
		{1E2F9841-FC77-4A82-82AF-F1B2799EB718}.AppStore|iPhone.Build.0 = Release|iPhone
		{1E2F9841-FC77-4A82-82AF-F1B2799EB718}.AppStore|iPhoneSimulator.ActiveCfg = Release|iPhoneSimulator
		{1E2F9841-FC77-4A82-82AF-F1B2799EB718}.AppStore|iPhoneSimulator.Build.0 = Release|iPhoneSimulator
		{1E2F9841-FC77-4A82-82AF-F1B2799EB718}.AppStore|x64.ActiveCfg = Release|iPhone
		{1E2F9841-FC77-4A82-82AF-F1B2799EB718}.AppStore|x64.Build.0 = Release|iPhone
		{1E2F9841-FC77-4A82-82AF-F1B2799EB718}.AppStore|x86.ActiveCfg = Release|iPhone
		{1E2F9841-FC77-4A82-82AF-F1B2799EB718}.AppStore|x86.Build.0 = Release|iPhone
		{1E2F9841-FC77-4A82-82AF-F1B2799EB718}.Debug|Any CPU.ActiveCfg = Debug|iPhone
		{1E2F9841-FC77-4A82-82AF-F1B2799EB718}.Debug|ARM.ActiveCfg = Debug|iPhone
		{1E2F9841-FC77-4A82-82AF-F1B2799EB718}.Debug|iPhone.ActiveCfg = Debug|iPhone
		{1E2F9841-FC77-4A82-82AF-F1B2799EB718}.Debug|iPhone.Build.0 = Debug|iPhone
		{1E2F9841-FC77-4A82-82AF-F1B2799EB718}.Debug|iPhoneSimulator.ActiveCfg = Debug|iPhoneSimulator
		{1E2F9841-FC77-4A82-82AF-F1B2799EB718}.Debug|iPhoneSimulator.Build.0 = Debug|iPhoneSimulator
		{1E2F9841-FC77-4A82-82AF-F1B2799EB718}.Debug|x64.ActiveCfg = Debug|iPhone
		{1E2F9841-FC77-4A82-82AF-F1B2799EB718}.Debug|x86.ActiveCfg = Debug|iPhone
		{1E2F9841-FC77-4A82-82AF-F1B2799EB718}.Release|Any CPU.ActiveCfg = Release|iPhone
		{1E2F9841-FC77-4A82-82AF-F1B2799EB718}.Release|ARM.ActiveCfg = Release|iPhone
		{1E2F9841-FC77-4A82-82AF-F1B2799EB718}.Release|iPhone.ActiveCfg = Release|iPhone
		{1E2F9841-FC77-4A82-82AF-F1B2799EB718}.Release|iPhone.Build.0 = Release|iPhone
		{1E2F9841-FC77-4A82-82AF-F1B2799EB718}.Release|iPhoneSimulator.ActiveCfg = Release|iPhoneSimulator
		{1E2F9841-FC77-4A82-82AF-F1B2799EB718}.Release|iPhoneSimulator.Build.0 = Release|iPhoneSimulator
		{1E2F9841-FC77-4A82-82AF-F1B2799EB718}.Release|x64.ActiveCfg = Release|iPhone
		{1E2F9841-FC77-4A82-82AF-F1B2799EB718}.Release|x86.ActiveCfg = Release|iPhone
		{2825FF80-1031-41F5-8802-657A400CFDF4}.Ad-Hoc|Any CPU.ActiveCfg = Release|Any CPU
		{2825FF80-1031-41F5-8802-657A400CFDF4}.Ad-Hoc|Any CPU.Build.0 = Release|Any CPU
		{2825FF80-1031-41F5-8802-657A400CFDF4}.Ad-Hoc|Any CPU.Deploy.0 = Release|Any CPU
		{2825FF80-1031-41F5-8802-657A400CFDF4}.Ad-Hoc|ARM.ActiveCfg = Release|Any CPU
		{2825FF80-1031-41F5-8802-657A400CFDF4}.Ad-Hoc|ARM.Build.0 = Release|Any CPU
		{2825FF80-1031-41F5-8802-657A400CFDF4}.Ad-Hoc|ARM.Deploy.0 = Release|Any CPU
		{2825FF80-1031-41F5-8802-657A400CFDF4}.Ad-Hoc|iPhone.ActiveCfg = Release|Any CPU
		{2825FF80-1031-41F5-8802-657A400CFDF4}.Ad-Hoc|iPhone.Build.0 = Release|Any CPU
		{2825FF80-1031-41F5-8802-657A400CFDF4}.Ad-Hoc|iPhone.Deploy.0 = Release|Any CPU
		{2825FF80-1031-41F5-8802-657A400CFDF4}.Ad-Hoc|iPhoneSimulator.ActiveCfg = Release|Any CPU
		{2825FF80-1031-41F5-8802-657A400CFDF4}.Ad-Hoc|iPhoneSimulator.Build.0 = Release|Any CPU
		{2825FF80-1031-41F5-8802-657A400CFDF4}.Ad-Hoc|iPhoneSimulator.Deploy.0 = Release|Any CPU
		{2825FF80-1031-41F5-8802-657A400CFDF4}.Ad-Hoc|x64.ActiveCfg = Release|Any CPU
		{2825FF80-1031-41F5-8802-657A400CFDF4}.Ad-Hoc|x64.Build.0 = Release|Any CPU
		{2825FF80-1031-41F5-8802-657A400CFDF4}.Ad-Hoc|x64.Deploy.0 = Release|Any CPU
		{2825FF80-1031-41F5-8802-657A400CFDF4}.Ad-Hoc|x86.ActiveCfg = Release|Any CPU
		{2825FF80-1031-41F5-8802-657A400CFDF4}.Ad-Hoc|x86.Build.0 = Release|Any CPU
		{2825FF80-1031-41F5-8802-657A400CFDF4}.Ad-Hoc|x86.Deploy.0 = Release|Any CPU
		{2825FF80-1031-41F5-8802-657A400CFDF4}.AppStore|Any CPU.ActiveCfg = Release|Any CPU
		{2825FF80-1031-41F5-8802-657A400CFDF4}.AppStore|Any CPU.Build.0 = Release|Any CPU
		{2825FF80-1031-41F5-8802-657A400CFDF4}.AppStore|Any CPU.Deploy.0 = Release|Any CPU
		{2825FF80-1031-41F5-8802-657A400CFDF4}.AppStore|ARM.ActiveCfg = Release|Any CPU
		{2825FF80-1031-41F5-8802-657A400CFDF4}.AppStore|ARM.Build.0 = Release|Any CPU
		{2825FF80-1031-41F5-8802-657A400CFDF4}.AppStore|ARM.Deploy.0 = Release|Any CPU
		{2825FF80-1031-41F5-8802-657A400CFDF4}.AppStore|iPhone.ActiveCfg = Release|Any CPU
		{2825FF80-1031-41F5-8802-657A400CFDF4}.AppStore|iPhone.Build.0 = Release|Any CPU
		{2825FF80-1031-41F5-8802-657A400CFDF4}.AppStore|iPhone.Deploy.0 = Release|Any CPU
		{2825FF80-1031-41F5-8802-657A400CFDF4}.AppStore|iPhoneSimulator.ActiveCfg = Release|Any CPU
		{2825FF80-1031-41F5-8802-657A400CFDF4}.AppStore|iPhoneSimulator.Build.0 = Release|Any CPU
		{2825FF80-1031-41F5-8802-657A400CFDF4}.AppStore|iPhoneSimulator.Deploy.0 = Release|Any CPU
		{2825FF80-1031-41F5-8802-657A400CFDF4}.AppStore|x64.ActiveCfg = Release|Any CPU
		{2825FF80-1031-41F5-8802-657A400CFDF4}.AppStore|x64.Build.0 = Release|Any CPU
		{2825FF80-1031-41F5-8802-657A400CFDF4}.AppStore|x64.Deploy.0 = Release|Any CPU
		{2825FF80-1031-41F5-8802-657A400CFDF4}.AppStore|x86.ActiveCfg = Release|Any CPU
		{2825FF80-1031-41F5-8802-657A400CFDF4}.AppStore|x86.Build.0 = Release|Any CPU
		{2825FF80-1031-41F5-8802-657A400CFDF4}.AppStore|x86.Deploy.0 = Release|Any CPU
		{2825FF80-1031-41F5-8802-657A400CFDF4}.Debug|Any CPU.ActiveCfg = Debug|Any CPU
		{2825FF80-1031-41F5-8802-657A400CFDF4}.Debug|Any CPU.Build.0 = Debug|Any CPU
		{2825FF80-1031-41F5-8802-657A400CFDF4}.Debug|Any CPU.Deploy.0 = Debug|Any CPU
		{2825FF80-1031-41F5-8802-657A400CFDF4}.Debug|ARM.ActiveCfg = Debug|Any CPU
		{2825FF80-1031-41F5-8802-657A400CFDF4}.Debug|ARM.Build.0 = Debug|Any CPU
		{2825FF80-1031-41F5-8802-657A400CFDF4}.Debug|ARM.Deploy.0 = Debug|Any CPU
		{2825FF80-1031-41F5-8802-657A400CFDF4}.Debug|iPhone.ActiveCfg = Debug|Any CPU
		{2825FF80-1031-41F5-8802-657A400CFDF4}.Debug|iPhone.Build.0 = Debug|Any CPU
		{2825FF80-1031-41F5-8802-657A400CFDF4}.Debug|iPhone.Deploy.0 = Debug|Any CPU
		{2825FF80-1031-41F5-8802-657A400CFDF4}.Debug|iPhoneSimulator.ActiveCfg = Debug|Any CPU
		{2825FF80-1031-41F5-8802-657A400CFDF4}.Debug|iPhoneSimulator.Build.0 = Debug|Any CPU
		{2825FF80-1031-41F5-8802-657A400CFDF4}.Debug|iPhoneSimulator.Deploy.0 = Debug|Any CPU
		{2825FF80-1031-41F5-8802-657A400CFDF4}.Debug|x64.ActiveCfg = Debug|Any CPU
		{2825FF80-1031-41F5-8802-657A400CFDF4}.Debug|x64.Build.0 = Debug|Any CPU
		{2825FF80-1031-41F5-8802-657A400CFDF4}.Debug|x64.Deploy.0 = Debug|Any CPU
		{2825FF80-1031-41F5-8802-657A400CFDF4}.Debug|x86.ActiveCfg = Debug|Any CPU
		{2825FF80-1031-41F5-8802-657A400CFDF4}.Debug|x86.Build.0 = Debug|Any CPU
		{2825FF80-1031-41F5-8802-657A400CFDF4}.Debug|x86.Deploy.0 = Debug|Any CPU
		{2825FF80-1031-41F5-8802-657A400CFDF4}.Release|Any CPU.ActiveCfg = Release|Any CPU
		{2825FF80-1031-41F5-8802-657A400CFDF4}.Release|Any CPU.Build.0 = Release|Any CPU
		{2825FF80-1031-41F5-8802-657A400CFDF4}.Release|Any CPU.Deploy.0 = Release|Any CPU
		{2825FF80-1031-41F5-8802-657A400CFDF4}.Release|ARM.ActiveCfg = Release|Any CPU
		{2825FF80-1031-41F5-8802-657A400CFDF4}.Release|ARM.Build.0 = Release|Any CPU
		{2825FF80-1031-41F5-8802-657A400CFDF4}.Release|ARM.Deploy.0 = Release|Any CPU
		{2825FF80-1031-41F5-8802-657A400CFDF4}.Release|iPhone.ActiveCfg = Release|Any CPU
		{2825FF80-1031-41F5-8802-657A400CFDF4}.Release|iPhone.Build.0 = Release|Any CPU
		{2825FF80-1031-41F5-8802-657A400CFDF4}.Release|iPhone.Deploy.0 = Release|Any CPU
		{2825FF80-1031-41F5-8802-657A400CFDF4}.Release|iPhoneSimulator.ActiveCfg = Release|Any CPU
		{2825FF80-1031-41F5-8802-657A400CFDF4}.Release|iPhoneSimulator.Build.0 = Release|Any CPU
		{2825FF80-1031-41F5-8802-657A400CFDF4}.Release|iPhoneSimulator.Deploy.0 = Release|Any CPU
		{2825FF80-1031-41F5-8802-657A400CFDF4}.Release|x64.ActiveCfg = Release|Any CPU
		{2825FF80-1031-41F5-8802-657A400CFDF4}.Release|x64.Build.0 = Release|Any CPU
		{2825FF80-1031-41F5-8802-657A400CFDF4}.Release|x64.Deploy.0 = Release|Any CPU
		{2825FF80-1031-41F5-8802-657A400CFDF4}.Release|x86.ActiveCfg = Release|Any CPU
		{2825FF80-1031-41F5-8802-657A400CFDF4}.Release|x86.Build.0 = Release|Any CPU
		{2825FF80-1031-41F5-8802-657A400CFDF4}.Release|x86.Deploy.0 = Release|Any CPU
		{5514BD8B-53D2-4BA3-A46D-1DAB3144DB98}.Ad-Hoc|Any CPU.ActiveCfg = Release|x86
		{5514BD8B-53D2-4BA3-A46D-1DAB3144DB98}.Ad-Hoc|Any CPU.Build.0 = Release|x86
		{5514BD8B-53D2-4BA3-A46D-1DAB3144DB98}.Ad-Hoc|Any CPU.Deploy.0 = Release|x86
		{5514BD8B-53D2-4BA3-A46D-1DAB3144DB98}.Ad-Hoc|ARM.ActiveCfg = Release|ARM
		{5514BD8B-53D2-4BA3-A46D-1DAB3144DB98}.Ad-Hoc|ARM.Build.0 = Release|ARM
		{5514BD8B-53D2-4BA3-A46D-1DAB3144DB98}.Ad-Hoc|ARM.Deploy.0 = Release|ARM
		{5514BD8B-53D2-4BA3-A46D-1DAB3144DB98}.Ad-Hoc|iPhone.ActiveCfg = Release|x86
		{5514BD8B-53D2-4BA3-A46D-1DAB3144DB98}.Ad-Hoc|iPhone.Build.0 = Release|x86
		{5514BD8B-53D2-4BA3-A46D-1DAB3144DB98}.Ad-Hoc|iPhone.Deploy.0 = Release|x86
		{5514BD8B-53D2-4BA3-A46D-1DAB3144DB98}.Ad-Hoc|iPhoneSimulator.ActiveCfg = Release|x86
		{5514BD8B-53D2-4BA3-A46D-1DAB3144DB98}.Ad-Hoc|iPhoneSimulator.Build.0 = Release|x86
		{5514BD8B-53D2-4BA3-A46D-1DAB3144DB98}.Ad-Hoc|iPhoneSimulator.Deploy.0 = Release|x86
		{5514BD8B-53D2-4BA3-A46D-1DAB3144DB98}.Ad-Hoc|x64.ActiveCfg = Release|x64
		{5514BD8B-53D2-4BA3-A46D-1DAB3144DB98}.Ad-Hoc|x64.Build.0 = Release|x64
		{5514BD8B-53D2-4BA3-A46D-1DAB3144DB98}.Ad-Hoc|x64.Deploy.0 = Release|x64
		{5514BD8B-53D2-4BA3-A46D-1DAB3144DB98}.Ad-Hoc|x86.ActiveCfg = Release|x86
		{5514BD8B-53D2-4BA3-A46D-1DAB3144DB98}.Ad-Hoc|x86.Build.0 = Release|x86
		{5514BD8B-53D2-4BA3-A46D-1DAB3144DB98}.Ad-Hoc|x86.Deploy.0 = Release|x86
		{5514BD8B-53D2-4BA3-A46D-1DAB3144DB98}.AppStore|Any CPU.ActiveCfg = Release|x86
		{5514BD8B-53D2-4BA3-A46D-1DAB3144DB98}.AppStore|Any CPU.Build.0 = Release|x86
		{5514BD8B-53D2-4BA3-A46D-1DAB3144DB98}.AppStore|Any CPU.Deploy.0 = Release|x86
		{5514BD8B-53D2-4BA3-A46D-1DAB3144DB98}.AppStore|ARM.ActiveCfg = Release|ARM
		{5514BD8B-53D2-4BA3-A46D-1DAB3144DB98}.AppStore|ARM.Build.0 = Release|ARM
		{5514BD8B-53D2-4BA3-A46D-1DAB3144DB98}.AppStore|ARM.Deploy.0 = Release|ARM
		{5514BD8B-53D2-4BA3-A46D-1DAB3144DB98}.AppStore|iPhone.ActiveCfg = Release|x86
		{5514BD8B-53D2-4BA3-A46D-1DAB3144DB98}.AppStore|iPhone.Build.0 = Release|x86
		{5514BD8B-53D2-4BA3-A46D-1DAB3144DB98}.AppStore|iPhone.Deploy.0 = Release|x86
		{5514BD8B-53D2-4BA3-A46D-1DAB3144DB98}.AppStore|iPhoneSimulator.ActiveCfg = Release|x86
		{5514BD8B-53D2-4BA3-A46D-1DAB3144DB98}.AppStore|iPhoneSimulator.Build.0 = Release|x86
		{5514BD8B-53D2-4BA3-A46D-1DAB3144DB98}.AppStore|iPhoneSimulator.Deploy.0 = Release|x86
		{5514BD8B-53D2-4BA3-A46D-1DAB3144DB98}.AppStore|x64.ActiveCfg = Release|x64
		{5514BD8B-53D2-4BA3-A46D-1DAB3144DB98}.AppStore|x64.Build.0 = Release|x64
		{5514BD8B-53D2-4BA3-A46D-1DAB3144DB98}.AppStore|x64.Deploy.0 = Release|x64
		{5514BD8B-53D2-4BA3-A46D-1DAB3144DB98}.AppStore|x86.ActiveCfg = Release|x86
		{5514BD8B-53D2-4BA3-A46D-1DAB3144DB98}.AppStore|x86.Build.0 = Release|x86
		{5514BD8B-53D2-4BA3-A46D-1DAB3144DB98}.AppStore|x86.Deploy.0 = Release|x86
		{5514BD8B-53D2-4BA3-A46D-1DAB3144DB98}.Debug|Any CPU.ActiveCfg = Debug|x86
		{5514BD8B-53D2-4BA3-A46D-1DAB3144DB98}.Debug|ARM.ActiveCfg = Debug|ARM
		{5514BD8B-53D2-4BA3-A46D-1DAB3144DB98}.Debug|ARM.Build.0 = Debug|ARM
		{5514BD8B-53D2-4BA3-A46D-1DAB3144DB98}.Debug|ARM.Deploy.0 = Debug|ARM
		{5514BD8B-53D2-4BA3-A46D-1DAB3144DB98}.Debug|iPhone.ActiveCfg = Debug|x86
		{5514BD8B-53D2-4BA3-A46D-1DAB3144DB98}.Debug|iPhoneSimulator.ActiveCfg = Debug|x86
		{5514BD8B-53D2-4BA3-A46D-1DAB3144DB98}.Debug|x64.ActiveCfg = Debug|x64
		{5514BD8B-53D2-4BA3-A46D-1DAB3144DB98}.Debug|x64.Build.0 = Debug|x64
		{5514BD8B-53D2-4BA3-A46D-1DAB3144DB98}.Debug|x64.Deploy.0 = Debug|x64
		{5514BD8B-53D2-4BA3-A46D-1DAB3144DB98}.Debug|x86.ActiveCfg = Debug|x86
		{5514BD8B-53D2-4BA3-A46D-1DAB3144DB98}.Debug|x86.Build.0 = Debug|x86
		{5514BD8B-53D2-4BA3-A46D-1DAB3144DB98}.Debug|x86.Deploy.0 = Debug|x86
		{5514BD8B-53D2-4BA3-A46D-1DAB3144DB98}.Release|Any CPU.ActiveCfg = Release|x86
		{5514BD8B-53D2-4BA3-A46D-1DAB3144DB98}.Release|ARM.ActiveCfg = Release|ARM
		{5514BD8B-53D2-4BA3-A46D-1DAB3144DB98}.Release|ARM.Build.0 = Release|ARM
		{5514BD8B-53D2-4BA3-A46D-1DAB3144DB98}.Release|ARM.Deploy.0 = Release|ARM
		{5514BD8B-53D2-4BA3-A46D-1DAB3144DB98}.Release|iPhone.ActiveCfg = Release|x86
		{5514BD8B-53D2-4BA3-A46D-1DAB3144DB98}.Release|iPhoneSimulator.ActiveCfg = Release|x86
		{5514BD8B-53D2-4BA3-A46D-1DAB3144DB98}.Release|x64.ActiveCfg = Release|x64
		{5514BD8B-53D2-4BA3-A46D-1DAB3144DB98}.Release|x64.Build.0 = Release|x64
		{5514BD8B-53D2-4BA3-A46D-1DAB3144DB98}.Release|x64.Deploy.0 = Release|x64
		{5514BD8B-53D2-4BA3-A46D-1DAB3144DB98}.Release|x86.ActiveCfg = Release|x86
		{5514BD8B-53D2-4BA3-A46D-1DAB3144DB98}.Release|x86.Build.0 = Release|x86
		{5514BD8B-53D2-4BA3-A46D-1DAB3144DB98}.Release|x86.Deploy.0 = Release|x86
	EndGlobalSection
	GlobalSection(SolutionProperties) = preSolution
		HideSolutionNode = FALSE
	EndGlobalSection
	GlobalSection(ExtensibilityGlobals) = postSolution
		SolutionGuid = {3B02F789-2014-48C4-B8F9-1FC8C0BB15C2}
	EndGlobalSection
EndGlobal
