
Microsoft Visual Studio Solution File, Format Version 12.00
# Visual Studio 2012
Project("{FAE04EC0-301F-11D3-BF4B-00C04F79EFBC}") = "NewApp", "NewApp\NewApp.csproj", "{8F1AEAD1-CD2E-4EB2-836D-AE756FD7710A}"
EndProject
Global
	GlobalSection(SolutionConfigurationPlatforms) = preSolution
		Debug|iPhoneSimulator = Debug|iPhoneSimulator
		Release|iPhone = Release|iPhone
		Release|iPhoneSimulator = Release|iPhoneSimulator
		Debug|iPhone = Debug|iPhone
	EndGlobalSection
	GlobalSection(ProjectConfigurationPlatforms) = postSolution
		{8F1AEAD1-CD2E-4EB2-836D-AE756FD7710A}.Debug|iPhoneSimulator.ActiveCfg = Debug|iPhoneSimulator
		{8F1AEAD1-CD2E-4EB2-836D-AE756FD7710A}.Debug|iPhoneSimulator.Build.0 = Debug|iPhoneSimulator
		{8F1AEAD1-CD2E-4EB2-836D-AE756FD7710A}.Release|iPhone.ActiveCfg = Release|iPhone
		{8F1AEAD1-CD2E-4EB2-836D-AE756FD7710A}.Release|iPhone.Build.0 = Release|iPhone
		{8F1AEAD1-CD2E-4EB2-836D-AE756FD7710A}.Release|iPhoneSimulator.ActiveCfg = Release|iPhoneSimulator
		{8F1AEAD1-CD2E-4EB2-836D-AE756FD7710A}.Release|iPhoneSimulator.Build.0 = Release|iPhoneSimulator
		{8F1AEAD1-CD2E-4EB2-836D-AE756FD7710A}.Debug|iPhone.ActiveCfg = Debug|iPhone
		{8F1AEAD1-CD2E-4EB2-836D-AE756FD7710A}.Debug|iPhone.Build.0 = Debug|iPhone
	EndGlobalSection
EndGlobal
